// !$*UTF8*$!
{
	archiveVersion = 1;
	classes = {
	};
	objectVersion = 55;
	objects = {

/* Begin PBXBuildFile section */
		438A16B7286DDA2600EC7EB1 /* NewReleaseCollectionViewCell.swift in Sources */ = {isa = PBXBuildFile; fileRef = 438A16B6286DDA2600EC7EB1 /* NewReleaseCollectionViewCell.swift */; };
		438A16B9286DDA5400EC7EB1 /* FeaturedPlaylistCollectionViewCell.swift in Sources */ = {isa = PBXBuildFile; fileRef = 438A16B8286DDA5400EC7EB1 /* FeaturedPlaylistCollectionViewCell.swift */; };
		438A16BB286DDAAA00EC7EB1 /* RecommendedTrackCollectionViewCell.swift in Sources */ = {isa = PBXBuildFile; fileRef = 438A16BA286DDAA900EC7EB1 /* RecommendedTrackCollectionViewCell.swift */; };
		438A16BD286DDB5E00EC7EB1 /* NewReleaseCellViewModel.swift in Sources */ = {isa = PBXBuildFile; fileRef = 438A16BC286DDB5E00EC7EB1 /* NewReleaseCellViewModel.swift */; };
		438A16BF286DE09B00EC7EB1 /* NewReleasesResponse.swift in Sources */ = {isa = PBXBuildFile; fileRef = 438A16BE286DE09B00EC7EB1 /* NewReleasesResponse.swift */; };
		438A16C1286DE0BE00EC7EB1 /* FeaturedPlaylistResponse.swift in Sources */ = {isa = PBXBuildFile; fileRef = 438A16C0286DE0BE00EC7EB1 /* FeaturedPlaylistResponse.swift */; };
		438A16C3286DE0F000EC7EB1 /* RecommendedGenresResponse.swift in Sources */ = {isa = PBXBuildFile; fileRef = 438A16C2286DE0F000EC7EB1 /* RecommendedGenresResponse.swift */; };
		438A16C5286DE10F00EC7EB1 /* RecommendationsResponse.swift in Sources */ = {isa = PBXBuildFile; fileRef = 438A16C4286DE10F00EC7EB1 /* RecommendationsResponse.swift */; };
		438A16C7286DEB3400EC7EB1 /* Extensions.swift in Sources */ = {isa = PBXBuildFile; fileRef = 438A16C6286DEB3300EC7EB1 /* Extensions.swift */; };
		438A16C9286F0C8500EC7EB1 /* FeaturedPlaylistCellViewModel.swift in Sources */ = {isa = PBXBuildFile; fileRef = 438A16C8286F0C8500EC7EB1 /* FeaturedPlaylistCellViewModel.swift */; };
		438A16CB286F0CD100EC7EB1 /* RecommendedTrackCellViewModel.swift in Sources */ = {isa = PBXBuildFile; fileRef = 438A16CA286F0CD100EC7EB1 /* RecommendedTrackCellViewModel.swift */; };
		438A16CE286F17B400EC7EB1 /* AlbumViewController.swift in Sources */ = {isa = PBXBuildFile; fileRef = 438A16CD286F17B400EC7EB1 /* AlbumViewController.swift */; };
		438A16D0287069DA00EC7EB1 /* AlbumDetailsResponse.swift in Sources */ = {isa = PBXBuildFile; fileRef = 438A16CF287069DA00EC7EB1 /* AlbumDetailsResponse.swift */; };
		438A16D228706C2E00EC7EB1 /* PlaylistDetailsResponse.swift in Sources */ = {isa = PBXBuildFile; fileRef = 438A16D128706C2E00EC7EB1 /* PlaylistDetailsResponse.swift */; };
		438A16D92871865300EC7EB1 /* PlaylistHeaderView.xib in Resources */ = {isa = PBXBuildFile; fileRef = 438A16D82871865300EC7EB1 /* PlaylistHeaderView.xib */; };
		438A16DB2871873C00EC7EB1 /* PlaylistHeaderView.swift in Sources */ = {isa = PBXBuildFile; fileRef = 438A16DA2871873C00EC7EB1 /* PlaylistHeaderView.swift */; };
		438A16DD2871968900EC7EB1 /* HeaderView.swift in Sources */ = {isa = PBXBuildFile; fileRef = 438A16DC2871968900EC7EB1 /* HeaderView.swift */; };
		438A16DF2871969500EC7EB1 /* HeaderView.xib in Resources */ = {isa = PBXBuildFile; fileRef = 438A16DE2871969500EC7EB1 /* HeaderView.xib */; };
		438E783C2865FF0900149B41 /* AppDelegate.swift in Sources */ = {isa = PBXBuildFile; fileRef = 438E783B2865FF0900149B41 /* AppDelegate.swift */; };
		438E783E2865FF0900149B41 /* SceneDelegate.swift in Sources */ = {isa = PBXBuildFile; fileRef = 438E783D2865FF0900149B41 /* SceneDelegate.swift */; };
		438E78402865FF0900149B41 /* MyTabBarController.swift in Sources */ = {isa = PBXBuildFile; fileRef = 438E783F2865FF0900149B41 /* MyTabBarController.swift */; };
		438E78432865FF0900149B41 /* Main.storyboard in Resources */ = {isa = PBXBuildFile; fileRef = 438E78412865FF0900149B41 /* Main.storyboard */; };
		438E78452865FF0B00149B41 /* Assets.xcassets in Resources */ = {isa = PBXBuildFile; fileRef = 438E78442865FF0B00149B41 /* Assets.xcassets */; };
		438E78482865FF0B00149B41 /* LaunchScreen.storyboard in Resources */ = {isa = PBXBuildFile; fileRef = 438E78462865FF0B00149B41 /* LaunchScreen.storyboard */; };
		438E7856286604AF00149B41 /* HomeViewController.swift in Sources */ = {isa = PBXBuildFile; fileRef = 438E7855286604AF00149B41 /* HomeViewController.swift */; };
		438E7858286604E000149B41 /* SearchViewController.swift in Sources */ = {isa = PBXBuildFile; fileRef = 438E7857286604E000149B41 /* SearchViewController.swift */; };
		438E785A2866050800149B41 /* LibraryViewController.swift in Sources */ = {isa = PBXBuildFile; fileRef = 438E78592866050800149B41 /* LibraryViewController.swift */; };
		438E785D2866058E00149B41 /* AuthViewController.swift in Sources */ = {isa = PBXBuildFile; fileRef = 438E785C2866058E00149B41 /* AuthViewController.swift */; };
		438E785F286605A200149B41 /* WelcomeViewController.swift in Sources */ = {isa = PBXBuildFile; fileRef = 438E785E286605A200149B41 /* WelcomeViewController.swift */; };
		438E7861286605C200149B41 /* SettingsViewController.swift in Sources */ = {isa = PBXBuildFile; fileRef = 438E7860286605C200149B41 /* SettingsViewController.swift */; };
		438E7863286605D400149B41 /* ProfileViewController.swift in Sources */ = {isa = PBXBuildFile; fileRef = 438E7862286605D400149B41 /* ProfileViewController.swift */; };
		438E7865286605E900149B41 /* PlayerViewController.swift in Sources */ = {isa = PBXBuildFile; fileRef = 438E7864286605E900149B41 /* PlayerViewController.swift */; };
		438E7867286605FD00149B41 /* PlaylistViewController.swift in Sources */ = {isa = PBXBuildFile; fileRef = 438E7866286605FD00149B41 /* PlaylistViewController.swift */; };
		438E78692866061500149B41 /* SearchResultsViewController.swift in Sources */ = {isa = PBXBuildFile; fileRef = 438E78682866061500149B41 /* SearchResultsViewController.swift */; };
		438E786B2866064600149B41 /* AuthManager.swift in Sources */ = {isa = PBXBuildFile; fileRef = 438E786A2866064600149B41 /* AuthManager.swift */; };
		438E786D2866065900149B41 /* ApiCaller.swift in Sources */ = {isa = PBXBuildFile; fileRef = 438E786C2866065900149B41 /* ApiCaller.swift */; };
		438E786F2866067200149B41 /* HapticsManager.swift in Sources */ = {isa = PBXBuildFile; fileRef = 438E786E2866067200149B41 /* HapticsManager.swift */; };
		438E7871286606A000149B41 /* Playlist.swift in Sources */ = {isa = PBXBuildFile; fileRef = 438E7870286606A000149B41 /* Playlist.swift */; };
		438E7873286606B600149B41 /* AudioTrack.swift in Sources */ = {isa = PBXBuildFile; fileRef = 438E7872286606B600149B41 /* AudioTrack.swift */; };
		438E7875286606C600149B41 /* Artist.swift in Sources */ = {isa = PBXBuildFile; fileRef = 438E7874286606C600149B41 /* Artist.swift */; };
		438E7877286606DE00149B41 /* UserProfile.swift in Sources */ = {isa = PBXBuildFile; fileRef = 438E7876286606DE00149B41 /* UserProfile.swift */; };
		438E787928660F1500149B41 /* Auth.storyboard in Resources */ = {isa = PBXBuildFile; fileRef = 438E787828660F1500149B41 /* Auth.storyboard */; };
		438E787B28660F3200149B41 /* SplashViewController.swift in Sources */ = {isa = PBXBuildFile; fileRef = 438E787A28660F3200149B41 /* SplashViewController.swift */; };
		438E787D2866125400149B41 /* Constants.swift in Sources */ = {isa = PBXBuildFile; fileRef = 438E787C2866125400149B41 /* Constants.swift */; };
		438E787F28662C1700149B41 /* AuthResponse.swift in Sources */ = {isa = PBXBuildFile; fileRef = 438E787E28662C1700149B41 /* AuthResponse.swift */; };
		43C9B9B828665815000E3D7D /* SettingsModel.swift in Sources */ = {isa = PBXBuildFile; fileRef = 43C9B9B728665815000E3D7D /* SettingsModel.swift */; };
		43C9B9BC2867257A000E3D7D /* ApiImage.swift in Sources */ = {isa = PBXBuildFile; fileRef = 43C9B9BB2867257A000E3D7D /* ApiImage.swift */; };
		43C9B9C428672EB6000E3D7D /* Album.swift in Sources */ = {isa = PBXBuildFile; fileRef = 43C9B9C328672EB6000E3D7D /* Album.swift */; };
		4568E3B9152D4F1A51291D69 /* Pods_Musify.framework in Frameworks */ = {isa = PBXBuildFile; fileRef = 13A5421DB8698B10A5F344D8 /* Pods_Musify.framework */; };
/* End PBXBuildFile section */

/* Begin PBXFileReference section */
		13A5421DB8698B10A5F344D8 /* Pods_Musify.framework */ = {isa = PBXFileReference; explicitFileType = wrapper.framework; includeInIndex = 0; path = Pods_Musify.framework; sourceTree = BUILT_PRODUCTS_DIR; };
		3A25E8298480862AEF81E5F1 /* Pods-Musify.release.xcconfig */ = {isa = PBXFileReference; includeInIndex = 1; lastKnownFileType = text.xcconfig; name = "Pods-Musify.release.xcconfig"; path = "Target Support Files/Pods-Musify/Pods-Musify.release.xcconfig"; sourceTree = "<group>"; };
		438A16B6286DDA2600EC7EB1 /* NewReleaseCollectionViewCell.swift */ = {isa = PBXFileReference; lastKnownFileType = sourcecode.swift; path = NewReleaseCollectionViewCell.swift; sourceTree = "<group>"; };
		438A16B8286DDA5400EC7EB1 /* FeaturedPlaylistCollectionViewCell.swift */ = {isa = PBXFileReference; lastKnownFileType = sourcecode.swift; path = FeaturedPlaylistCollectionViewCell.swift; sourceTree = "<group>"; };
		438A16BA286DDAA900EC7EB1 /* RecommendedTrackCollectionViewCell.swift */ = {isa = PBXFileReference; lastKnownFileType = sourcecode.swift; path = RecommendedTrackCollectionViewCell.swift; sourceTree = "<group>"; };
		438A16BC286DDB5E00EC7EB1 /* NewReleaseCellViewModel.swift */ = {isa = PBXFileReference; lastKnownFileType = sourcecode.swift; path = NewReleaseCellViewModel.swift; sourceTree = "<group>"; };
		438A16BE286DE09B00EC7EB1 /* NewReleasesResponse.swift */ = {isa = PBXFileReference; lastKnownFileType = sourcecode.swift; path = NewReleasesResponse.swift; sourceTree = "<group>"; };
		438A16C0286DE0BE00EC7EB1 /* FeaturedPlaylistResponse.swift */ = {isa = PBXFileReference; lastKnownFileType = sourcecode.swift; path = FeaturedPlaylistResponse.swift; sourceTree = "<group>"; };
		438A16C2286DE0F000EC7EB1 /* RecommendedGenresResponse.swift */ = {isa = PBXFileReference; lastKnownFileType = sourcecode.swift; path = RecommendedGenresResponse.swift; sourceTree = "<group>"; };
		438A16C4286DE10F00EC7EB1 /* RecommendationsResponse.swift */ = {isa = PBXFileReference; lastKnownFileType = sourcecode.swift; path = RecommendationsResponse.swift; sourceTree = "<group>"; };
		438A16C6286DEB3300EC7EB1 /* Extensions.swift */ = {isa = PBXFileReference; lastKnownFileType = sourcecode.swift; path = Extensions.swift; sourceTree = "<group>"; };
		438A16C8286F0C8500EC7EB1 /* FeaturedPlaylistCellViewModel.swift */ = {isa = PBXFileReference; lastKnownFileType = sourcecode.swift; path = FeaturedPlaylistCellViewModel.swift; sourceTree = "<group>"; };
		438A16CA286F0CD100EC7EB1 /* RecommendedTrackCellViewModel.swift */ = {isa = PBXFileReference; lastKnownFileType = sourcecode.swift; path = RecommendedTrackCellViewModel.swift; sourceTree = "<group>"; };
		438A16CD286F17B400EC7EB1 /* AlbumViewController.swift */ = {isa = PBXFileReference; lastKnownFileType = sourcecode.swift; path = AlbumViewController.swift; sourceTree = "<group>"; };
		438A16CF287069DA00EC7EB1 /* AlbumDetailsResponse.swift */ = {isa = PBXFileReference; lastKnownFileType = sourcecode.swift; path = AlbumDetailsResponse.swift; sourceTree = "<group>"; };
		438A16D128706C2E00EC7EB1 /* PlaylistDetailsResponse.swift */ = {isa = PBXFileReference; lastKnownFileType = sourcecode.swift; path = PlaylistDetailsResponse.swift; sourceTree = "<group>"; };
		438A16D82871865300EC7EB1 /* PlaylistHeaderView.xib */ = {isa = PBXFileReference; lastKnownFileType = file.xib; path = PlaylistHeaderView.xib; sourceTree = "<group>"; };
		438A16DA2871873C00EC7EB1 /* PlaylistHeaderView.swift */ = {isa = PBXFileReference; lastKnownFileType = sourcecode.swift; path = PlaylistHeaderView.swift; sourceTree = "<group>"; };
		438A16DC2871968900EC7EB1 /* HeaderView.swift */ = {isa = PBXFileReference; lastKnownFileType = sourcecode.swift; path = HeaderView.swift; sourceTree = "<group>"; };
		438A16DE2871969500EC7EB1 /* HeaderView.xib */ = {isa = PBXFileReference; lastKnownFileType = file.xib; path = HeaderView.xib; sourceTree = "<group>"; };
		438E78382865FF0900149B41 /* Musify.app */ = {isa = PBXFileReference; explicitFileType = wrapper.application; includeInIndex = 0; path = Musify.app; sourceTree = BUILT_PRODUCTS_DIR; };
		438E783B2865FF0900149B41 /* AppDelegate.swift */ = {isa = PBXFileReference; lastKnownFileType = sourcecode.swift; path = AppDelegate.swift; sourceTree = "<group>"; };
		438E783D2865FF0900149B41 /* SceneDelegate.swift */ = {isa = PBXFileReference; lastKnownFileType = sourcecode.swift; path = SceneDelegate.swift; sourceTree = "<group>"; };
		438E783F2865FF0900149B41 /* MyTabBarController.swift */ = {isa = PBXFileReference; lastKnownFileType = sourcecode.swift; path = MyTabBarController.swift; sourceTree = "<group>"; };
		438E78422865FF0900149B41 /* Base */ = {isa = PBXFileReference; lastKnownFileType = file.storyboard; name = Base; path = Base.lproj/Main.storyboard; sourceTree = "<group>"; };
		438E78442865FF0B00149B41 /* Assets.xcassets */ = {isa = PBXFileReference; lastKnownFileType = folder.assetcatalog; path = Assets.xcassets; sourceTree = "<group>"; };
		438E78472865FF0B00149B41 /* Base */ = {isa = PBXFileReference; lastKnownFileType = file.storyboard; name = Base; path = Base.lproj/LaunchScreen.storyboard; sourceTree = "<group>"; };
		438E78492865FF0B00149B41 /* Info.plist */ = {isa = PBXFileReference; lastKnownFileType = text.plist.xml; path = Info.plist; sourceTree = "<group>"; };
		438E7855286604AF00149B41 /* HomeViewController.swift */ = {isa = PBXFileReference; lastKnownFileType = sourcecode.swift; path = HomeViewController.swift; sourceTree = "<group>"; };
		438E7857286604E000149B41 /* SearchViewController.swift */ = {isa = PBXFileReference; lastKnownFileType = sourcecode.swift; path = SearchViewController.swift; sourceTree = "<group>"; };
		438E78592866050800149B41 /* LibraryViewController.swift */ = {isa = PBXFileReference; lastKnownFileType = sourcecode.swift; path = LibraryViewController.swift; sourceTree = "<group>"; };
		438E785C2866058E00149B41 /* AuthViewController.swift */ = {isa = PBXFileReference; lastKnownFileType = sourcecode.swift; path = AuthViewController.swift; sourceTree = "<group>"; };
		438E785E286605A200149B41 /* WelcomeViewController.swift */ = {isa = PBXFileReference; lastKnownFileType = sourcecode.swift; path = WelcomeViewController.swift; sourceTree = "<group>"; };
		438E7860286605C200149B41 /* SettingsViewController.swift */ = {isa = PBXFileReference; lastKnownFileType = sourcecode.swift; path = SettingsViewController.swift; sourceTree = "<group>"; };
		438E7862286605D400149B41 /* ProfileViewController.swift */ = {isa = PBXFileReference; lastKnownFileType = sourcecode.swift; path = ProfileViewController.swift; sourceTree = "<group>"; };
		438E7864286605E900149B41 /* PlayerViewController.swift */ = {isa = PBXFileReference; lastKnownFileType = sourcecode.swift; path = PlayerViewController.swift; sourceTree = "<group>"; };
		438E7866286605FD00149B41 /* PlaylistViewController.swift */ = {isa = PBXFileReference; lastKnownFileType = sourcecode.swift; path = PlaylistViewController.swift; sourceTree = "<group>"; };
		438E78682866061500149B41 /* SearchResultsViewController.swift */ = {isa = PBXFileReference; lastKnownFileType = sourcecode.swift; path = SearchResultsViewController.swift; sourceTree = "<group>"; };
		438E786A2866064600149B41 /* AuthManager.swift */ = {isa = PBXFileReference; lastKnownFileType = sourcecode.swift; path = AuthManager.swift; sourceTree = "<group>"; };
		438E786C2866065900149B41 /* ApiCaller.swift */ = {isa = PBXFileReference; lastKnownFileType = sourcecode.swift; path = ApiCaller.swift; sourceTree = "<group>"; };
		438E786E2866067200149B41 /* HapticsManager.swift */ = {isa = PBXFileReference; lastKnownFileType = sourcecode.swift; path = HapticsManager.swift; sourceTree = "<group>"; };
		438E7870286606A000149B41 /* Playlist.swift */ = {isa = PBXFileReference; lastKnownFileType = sourcecode.swift; path = Playlist.swift; sourceTree = "<group>"; };
		438E7872286606B600149B41 /* AudioTrack.swift */ = {isa = PBXFileReference; lastKnownFileType = sourcecode.swift; path = AudioTrack.swift; sourceTree = "<group>"; };
		438E7874286606C600149B41 /* Artist.swift */ = {isa = PBXFileReference; lastKnownFileType = sourcecode.swift; path = Artist.swift; sourceTree = "<group>"; };
		438E7876286606DE00149B41 /* UserProfile.swift */ = {isa = PBXFileReference; lastKnownFileType = sourcecode.swift; path = UserProfile.swift; sourceTree = "<group>"; };
		438E787828660F1500149B41 /* Auth.storyboard */ = {isa = PBXFileReference; lastKnownFileType = file.storyboard; path = Auth.storyboard; sourceTree = "<group>"; };
		438E787A28660F3200149B41 /* SplashViewController.swift */ = {isa = PBXFileReference; lastKnownFileType = sourcecode.swift; path = SplashViewController.swift; sourceTree = "<group>"; };
		438E787C2866125400149B41 /* Constants.swift */ = {isa = PBXFileReference; lastKnownFileType = sourcecode.swift; path = Constants.swift; sourceTree = "<group>"; };
		438E787E28662C1700149B41 /* AuthResponse.swift */ = {isa = PBXFileReference; lastKnownFileType = sourcecode.swift; path = AuthResponse.swift; sourceTree = "<group>"; };
		43C9B9B728665815000E3D7D /* SettingsModel.swift */ = {isa = PBXFileReference; lastKnownFileType = sourcecode.swift; path = SettingsModel.swift; sourceTree = "<group>"; };
		43C9B9BB2867257A000E3D7D /* ApiImage.swift */ = {isa = PBXFileReference; lastKnownFileType = sourcecode.swift; path = ApiImage.swift; sourceTree = "<group>"; };
		43C9B9C328672EB6000E3D7D /* Album.swift */ = {isa = PBXFileReference; lastKnownFileType = sourcecode.swift; path = Album.swift; sourceTree = "<group>"; };
		D8EA6464F3B61F3BD92ADDC3 /* Pods-Musify.debug.xcconfig */ = {isa = PBXFileReference; includeInIndex = 1; lastKnownFileType = text.xcconfig; name = "Pods-Musify.debug.xcconfig"; path = "Target Support Files/Pods-Musify/Pods-Musify.debug.xcconfig"; sourceTree = "<group>"; };
/* End PBXFileReference section */

/* Begin PBXFrameworksBuildPhase section */
		438E78352865FF0900149B41 /* Frameworks */ = {
			isa = PBXFrameworksBuildPhase;
			buildActionMask = 2147483647;
			files = (
				4568E3B9152D4F1A51291D69 /* Pods_Musify.framework in Frameworks */,
			);
			runOnlyForDeploymentPostprocessing = 0;
		};
/* End PBXFrameworksBuildPhase section */

/* Begin PBXGroup section */
		438A16B5286DD9F300EC7EB1 /* HomepageCells */ = {
			isa = PBXGroup;
			children = (
				438A16B6286DDA2600EC7EB1 /* NewReleaseCollectionViewCell.swift */,
				438A16B8286DDA5400EC7EB1 /* FeaturedPlaylistCollectionViewCell.swift */,
				438A16BA286DDAA900EC7EB1 /* RecommendedTrackCollectionViewCell.swift */,
			);
			path = HomepageCells;
			sourceTree = "<group>";
		};
		438A16CC286F179A00EC7EB1 /* Inner Screens */ = {
			isa = PBXGroup;
			children = (
				438A16CD286F17B400EC7EB1 /* AlbumViewController.swift */,
				438E7866286605FD00149B41 /* PlaylistViewController.swift */,
			);
			path = "Inner Screens";
			sourceTree = "<group>";
		};
		438A16D7287185CD00EC7EB1 /* Response */ = {
			isa = PBXGroup;
			children = (
				438E787E28662C1700149B41 /* AuthResponse.swift */,
				438A16BE286DE09B00EC7EB1 /* NewReleasesResponse.swift */,
				438A16C0286DE0BE00EC7EB1 /* FeaturedPlaylistResponse.swift */,
				438A16C2286DE0F000EC7EB1 /* RecommendedGenresResponse.swift */,
				438A16C4286DE10F00EC7EB1 /* RecommendationsResponse.swift */,
				438A16CF287069DA00EC7EB1 /* AlbumDetailsResponse.swift */,
				438A16D128706C2E00EC7EB1 /* PlaylistDetailsResponse.swift */,
			);
			path = Response;
			sourceTree = "<group>";
		};
		438E782F2865FF0900149B41 = {
			isa = PBXGroup;
			children = (
				438E783A2865FF0900149B41 /* Musify */,
				438E78392865FF0900149B41 /* Products */,
				C3E3E007EAFAAA3D65A00089 /* Pods */,
				A9DC8FEFF6194259C42E9030 /* Frameworks */,
			);
			sourceTree = "<group>";
		};
		438E78392865FF0900149B41 /* Products */ = {
			isa = PBXGroup;
			children = (
				438E78382865FF0900149B41 /* Musify.app */,
			);
			name = Products;
			sourceTree = "<group>";
		};
		438E783A2865FF0900149B41 /* Musify */ = {
			isa = PBXGroup;
			children = (
				438E78542866015400149B41 /* Supporting Files */,
				438E78532866013C00149B41 /* Managers */,
				438E78522866012D00149B41 /* ViewModels */,
				438E78512866011C00149B41 /* Views */,
				438E78502866011600149B41 /* Controllers */,
				438E784F2866011000149B41 /* Models */,
				438E78492865FF0B00149B41 /* Info.plist */,
			);
			path = Musify;
			sourceTree = "<group>";
		};
		438E784F2866011000149B41 /* Models */ = {
			isa = PBXGroup;
			children = (
				438E7870286606A000149B41 /* Playlist.swift */,
				438E7872286606B600149B41 /* AudioTrack.swift */,
				438E7874286606C600149B41 /* Artist.swift */,
				438E7876286606DE00149B41 /* UserProfile.swift */,
				43C9B9B728665815000E3D7D /* SettingsModel.swift */,
				43C9B9BB2867257A000E3D7D /* ApiImage.swift */,
				43C9B9C328672EB6000E3D7D /* Album.swift */,
				438A16D7287185CD00EC7EB1 /* Response */,
			);
			path = Models;
			sourceTree = "<group>";
		};
		438E78502866011600149B41 /* Controllers */ = {
			isa = PBXGroup;
			children = (
				438E783F2865FF0900149B41 /* MyTabBarController.swift */,
				438A16CC286F179A00EC7EB1 /* Inner Screens */,
				438E78802866306F00149B41 /* Auth */,
				438E785B2866051D00149B41 /* Main Screens */,
				438E78812866309300149B41 /* Music */,
				438E7882286630B000149B41 /* User */,
			);
			path = Controllers;
			sourceTree = "<group>";
		};
		438E78512866011C00149B41 /* Views */ = {
			isa = PBXGroup;
			children = (
				438A16B5286DD9F300EC7EB1 /* HomepageCells */,
				438E78462865FF0B00149B41 /* LaunchScreen.storyboard */,
				438E78412865FF0900149B41 /* Main.storyboard */,
				438E787828660F1500149B41 /* Auth.storyboard */,
				438A16D82871865300EC7EB1 /* PlaylistHeaderView.xib */,
				438A16DA2871873C00EC7EB1 /* PlaylistHeaderView.swift */,
				438A16DC2871968900EC7EB1 /* HeaderView.swift */,
				438A16DE2871969500EC7EB1 /* HeaderView.xib */,
			);
			path = Views;
			sourceTree = "<group>";
		};
		438E78522866012D00149B41 /* ViewModels */ = {
			isa = PBXGroup;
			children = (
				438A16BC286DDB5E00EC7EB1 /* NewReleaseCellViewModel.swift */,
				438A16C8286F0C8500EC7EB1 /* FeaturedPlaylistCellViewModel.swift */,
				438A16CA286F0CD100EC7EB1 /* RecommendedTrackCellViewModel.swift */,
			);
			path = ViewModels;
			sourceTree = "<group>";
		};
		438E78532866013C00149B41 /* Managers */ = {
			isa = PBXGroup;
			children = (
				438E786A2866064600149B41 /* AuthManager.swift */,
				438E786C2866065900149B41 /* ApiCaller.swift */,
				438E786E2866067200149B41 /* HapticsManager.swift */,
			);
			path = Managers;
			sourceTree = "<group>";
		};
		438E78542866015400149B41 /* Supporting Files */ = {
			isa = PBXGroup;
			children = (
				438E783B2865FF0900149B41 /* AppDelegate.swift */,
				438E783D2865FF0900149B41 /* SceneDelegate.swift */,
				438E787C2866125400149B41 /* Constants.swift */,
				438E78442865FF0B00149B41 /* Assets.xcassets */,
				438A16C6286DEB3300EC7EB1 /* Extensions.swift */,
			);
			path = "Supporting Files";
			sourceTree = "<group>";
		};
		438E785B2866051D00149B41 /* Main Screens */ = {
			isa = PBXGroup;
			children = (
				438E7855286604AF00149B41 /* HomeViewController.swift */,
				438E7857286604E000149B41 /* SearchViewController.swift */,
				438E78592866050800149B41 /* LibraryViewController.swift */,
			);
			path = "Main Screens";
			sourceTree = "<group>";
		};
		438E78802866306F00149B41 /* Auth */ = {
			isa = PBXGroup;
			children = (
				438E787A28660F3200149B41 /* SplashViewController.swift */,
				438E785E286605A200149B41 /* WelcomeViewController.swift */,
				438E785C2866058E00149B41 /* AuthViewController.swift */,
			);
			path = Auth;
			sourceTree = "<group>";
		};
		438E78812866309300149B41 /* Music */ = {
			isa = PBXGroup;
			children = (
				438E7864286605E900149B41 /* PlayerViewController.swift */,
				438E78682866061500149B41 /* SearchResultsViewController.swift */,
			);
			path = Music;
			sourceTree = "<group>";
		};
		438E7882286630B000149B41 /* User */ = {
			isa = PBXGroup;
			children = (
				438E7862286605D400149B41 /* ProfileViewController.swift */,
				438E7860286605C200149B41 /* SettingsViewController.swift */,
			);
			path = User;
			sourceTree = "<group>";
		};
		A9DC8FEFF6194259C42E9030 /* Frameworks */ = {
			isa = PBXGroup;
			children = (
				13A5421DB8698B10A5F344D8 /* Pods_Musify.framework */,
			);
			name = Frameworks;
			sourceTree = "<group>";
		};
		C3E3E007EAFAAA3D65A00089 /* Pods */ = {
			isa = PBXGroup;
			children = (
				D8EA6464F3B61F3BD92ADDC3 /* Pods-Musify.debug.xcconfig */,
				3A25E8298480862AEF81E5F1 /* Pods-Musify.release.xcconfig */,
			);
			path = Pods;
			sourceTree = "<group>";
		};
/* End PBXGroup section */

/* Begin PBXNativeTarget section */
		438E78372865FF0900149B41 /* Musify */ = {
			isa = PBXNativeTarget;
			buildConfigurationList = 438E784C2865FF0B00149B41 /* Build configuration list for PBXNativeTarget "Musify" */;
			buildPhases = (
				95925892C5FDC23EF317EDC9 /* [CP] Check Pods Manifest.lock */,
				438E78342865FF0900149B41 /* Sources */,
				438E78352865FF0900149B41 /* Frameworks */,
				438E78362865FF0900149B41 /* Resources */,
				C0A6D87003A64CEFA6042668 /* [CP] Embed Pods Frameworks */,
			);
			buildRules = (
			);
			dependencies = (
			);
			name = Musify;
			productName = Musify;
			productReference = 438E78382865FF0900149B41 /* Musify.app */;
			productType = "com.apple.product-type.application";
		};
/* End PBXNativeTarget section */

/* Begin PBXProject section */
		438E78302865FF0900149B41 /* Project object */ = {
			isa = PBXProject;
			attributes = {
				BuildIndependentTargetsInParallel = 1;
				LastSwiftUpdateCheck = 1340;
				LastUpgradeCheck = 1340;
				TargetAttributes = {
					438E78372865FF0900149B41 = {
						CreatedOnToolsVersion = 13.4;
					};
				};
			};
			buildConfigurationList = 438E78332865FF0900149B41 /* Build configuration list for PBXProject "Musify" */;
			compatibilityVersion = "Xcode 13.0";
			developmentRegion = en;
			hasScannedForEncodings = 0;
			knownRegions = (
				en,
				Base,
			);
			mainGroup = 438E782F2865FF0900149B41;
			productRefGroup = 438E78392865FF0900149B41 /* Products */;
			projectDirPath = "";
			projectRoot = "";
			targets = (
				438E78372865FF0900149B41 /* Musify */,
			);
		};
/* End PBXProject section */

/* Begin PBXResourcesBuildPhase section */
		438E78362865FF0900149B41 /* Resources */ = {
			isa = PBXResourcesBuildPhase;
			buildActionMask = 2147483647;
			files = (
				438E787928660F1500149B41 /* Auth.storyboard in Resources */,
				438E78482865FF0B00149B41 /* LaunchScreen.storyboard in Resources */,
				438A16D92871865300EC7EB1 /* PlaylistHeaderView.xib in Resources */,
				438A16DF2871969500EC7EB1 /* HeaderView.xib in Resources */,
				438E78452865FF0B00149B41 /* Assets.xcassets in Resources */,
				438E78432865FF0900149B41 /* Main.storyboard in Resources */,
			);
			runOnlyForDeploymentPostprocessing = 0;
		};
/* End PBXResourcesBuildPhase section */

/* Begin PBXShellScriptBuildPhase section */
		95925892C5FDC23EF317EDC9 /* [CP] Check Pods Manifest.lock */ = {
			isa = PBXShellScriptBuildPhase;
			buildActionMask = 2147483647;
			files = (
			);
			inputFileListPaths = (
			);
			inputPaths = (
				"${PODS_PODFILE_DIR_PATH}/Podfile.lock",
				"${PODS_ROOT}/Manifest.lock",
			);
			name = "[CP] Check Pods Manifest.lock";
			outputFileListPaths = (
			);
			outputPaths = (
				"$(DERIVED_FILE_DIR)/Pods-Musify-checkManifestLockResult.txt",
			);
			runOnlyForDeploymentPostprocessing = 0;
			shellPath = /bin/sh;
			shellScript = "diff \"${PODS_PODFILE_DIR_PATH}/Podfile.lock\" \"${PODS_ROOT}/Manifest.lock\" > /dev/null\nif [ $? != 0 ] ; then\n    # print error to STDERR\n    echo \"error: The sandbox is not in sync with the Podfile.lock. Run 'pod install' or update your CocoaPods installation.\" >&2\n    exit 1\nfi\n# This output is used by Xcode 'outputs' to avoid re-running this script phase.\necho \"SUCCESS\" > \"${SCRIPT_OUTPUT_FILE_0}\"\n";
			showEnvVarsInLog = 0;
		};
		C0A6D87003A64CEFA6042668 /* [CP] Embed Pods Frameworks */ = {
			isa = PBXShellScriptBuildPhase;
			buildActionMask = 2147483647;
			files = (
			);
			inputFileListPaths = (
				"${PODS_ROOT}/Target Support Files/Pods-Musify/Pods-Musify-frameworks-${CONFIGURATION}-input-files.xcfilelist",
			);
			name = "[CP] Embed Pods Frameworks";
			outputFileListPaths = (
				"${PODS_ROOT}/Target Support Files/Pods-Musify/Pods-Musify-frameworks-${CONFIGURATION}-output-files.xcfilelist",
			);
			runOnlyForDeploymentPostprocessing = 0;
			shellPath = /bin/sh;
			shellScript = "\"${PODS_ROOT}/Target Support Files/Pods-Musify/Pods-Musify-frameworks.sh\"\n";
			showEnvVarsInLog = 0;
		};
/* End PBXShellScriptBuildPhase section */

/* Begin PBXSourcesBuildPhase section */
		438E78342865FF0900149B41 /* Sources */ = {
			isa = PBXSourcesBuildPhase;
			buildActionMask = 2147483647;
			files = (
				43C9B9B828665815000E3D7D /* SettingsModel.swift in Sources */,
				438E7858286604E000149B41 /* SearchViewController.swift in Sources */,
				438E787D2866125400149B41 /* Constants.swift in Sources */,
				438E7871286606A000149B41 /* Playlist.swift in Sources */,
				43C9B9BC2867257A000E3D7D /* ApiImage.swift in Sources */,
				438E786B2866064600149B41 /* AuthManager.swift in Sources */,
				438E78692866061500149B41 /* SearchResultsViewController.swift in Sources */,
				438A16DD2871968900EC7EB1 /* HeaderView.swift in Sources */,
				438E785F286605A200149B41 /* WelcomeViewController.swift in Sources */,
				438A16C9286F0C8500EC7EB1 /* FeaturedPlaylistCellViewModel.swift in Sources */,
				438E786D2866065900149B41 /* ApiCaller.swift in Sources */,
				438E7863286605D400149B41 /* ProfileViewController.swift in Sources */,
				438A16B9286DDA5400EC7EB1 /* FeaturedPlaylistCollectionViewCell.swift in Sources */,
				438E786F2866067200149B41 /* HapticsManager.swift in Sources */,
				438E7873286606B600149B41 /* AudioTrack.swift in Sources */,
				438A16C5286DE10F00EC7EB1 /* RecommendationsResponse.swift in Sources */,
				438A16D228706C2E00EC7EB1 /* PlaylistDetailsResponse.swift in Sources */,
				438E78402865FF0900149B41 /* MyTabBarController.swift in Sources */,
				438A16BF286DE09B00EC7EB1 /* NewReleasesResponse.swift in Sources */,
				438E783C2865FF0900149B41 /* AppDelegate.swift in Sources */,
				438E785D2866058E00149B41 /* AuthViewController.swift in Sources */,
				438A16D0287069DA00EC7EB1 /* AlbumDetailsResponse.swift in Sources */,
				438A16B7286DDA2600EC7EB1 /* NewReleaseCollectionViewCell.swift in Sources */,
				438E787B28660F3200149B41 /* SplashViewController.swift in Sources */,
				438A16C7286DEB3400EC7EB1 /* Extensions.swift in Sources */,
				438A16BB286DDAAA00EC7EB1 /* RecommendedTrackCollectionViewCell.swift in Sources */,
				438E7877286606DE00149B41 /* UserProfile.swift in Sources */,
				438E783E2865FF0900149B41 /* SceneDelegate.swift in Sources */,
				438A16DB2871873C00EC7EB1 /* PlaylistHeaderView.swift in Sources */,
				438E7875286606C600149B41 /* Artist.swift in Sources */,
				438E785A2866050800149B41 /* LibraryViewController.swift in Sources */,
				438E7867286605FD00149B41 /* PlaylistViewController.swift in Sources */,
				438E7856286604AF00149B41 /* HomeViewController.swift in Sources */,
				438A16BD286DDB5E00EC7EB1 /* NewReleaseCellViewModel.swift in Sources */,
				438A16CB286F0CD100EC7EB1 /* RecommendedTrackCellViewModel.swift in Sources */,
				438E7865286605E900149B41 /* PlayerViewController.swift in Sources */,
				438E787F28662C1700149B41 /* AuthResponse.swift in Sources */,
				438A16C1286DE0BE00EC7EB1 /* FeaturedPlaylistResponse.swift in Sources */,
				438E7861286605C200149B41 /* SettingsViewController.swift in Sources */,
				438A16C3286DE0F000EC7EB1 /* RecommendedGenresResponse.swift in Sources */,
				438A16CE286F17B400EC7EB1 /* AlbumViewController.swift in Sources */,
				43C9B9C428672EB6000E3D7D /* Album.swift in Sources */,
			);
			runOnlyForDeploymentPostprocessing = 0;
		};
/* End PBXSourcesBuildPhase section */

/* Begin PBXVariantGroup section */
		438E78412865FF0900149B41 /* Main.storyboard */ = {
			isa = PBXVariantGroup;
			children = (
				438E78422865FF0900149B41 /* Base */,
			);
			name = Main.storyboard;
			sourceTree = "<group>";
		};
		438E78462865FF0B00149B41 /* LaunchScreen.storyboard */ = {
			isa = PBXVariantGroup;
			children = (
				438E78472865FF0B00149B41 /* Base */,
			);
			name = LaunchScreen.storyboard;
			sourceTree = "<group>";
		};
/* End PBXVariantGroup section */

/* Begin XCBuildConfiguration section */
		438E784A2865FF0B00149B41 /* Debug */ = {
			isa = XCBuildConfiguration;
			buildSettings = {
				ALWAYS_SEARCH_USER_PATHS = NO;
				CLANG_ANALYZER_NONNULL = YES;
				CLANG_ANALYZER_NUMBER_OBJECT_CONVERSION = YES_AGGRESSIVE;
				CLANG_CXX_LANGUAGE_STANDARD = "gnu++17";
				CLANG_ENABLE_MODULES = YES;
				CLANG_ENABLE_OBJC_ARC = YES;
				CLANG_ENABLE_OBJC_WEAK = YES;
				CLANG_WARN_BLOCK_CAPTURE_AUTORELEASING = YES;
				CLANG_WARN_BOOL_CONVERSION = YES;
				CLANG_WARN_COMMA = YES;
				CLANG_WARN_CONSTANT_CONVERSION = YES;
				CLANG_WARN_DEPRECATED_OBJC_IMPLEMENTATIONS = YES;
				CLANG_WARN_DIRECT_OBJC_ISA_USAGE = YES_ERROR;
				CLANG_WARN_DOCUMENTATION_COMMENTS = YES;
				CLANG_WARN_EMPTY_BODY = YES;
				CLANG_WARN_ENUM_CONVERSION = YES;
				CLANG_WARN_INFINITE_RECURSION = YES;
				CLANG_WARN_INT_CONVERSION = YES;
				CLANG_WARN_NON_LITERAL_NULL_CONVERSION = YES;
				CLANG_WARN_OBJC_IMPLICIT_RETAIN_SELF = YES;
				CLANG_WARN_OBJC_LITERAL_CONVERSION = YES;
				CLANG_WARN_OBJC_ROOT_CLASS = YES_ERROR;
				CLANG_WARN_QUOTED_INCLUDE_IN_FRAMEWORK_HEADER = YES;
				CLANG_WARN_RANGE_LOOP_ANALYSIS = YES;
				CLANG_WARN_STRICT_PROTOTYPES = YES;
				CLANG_WARN_SUSPICIOUS_MOVE = YES;
				CLANG_WARN_UNGUARDED_AVAILABILITY = YES_AGGRESSIVE;
				CLANG_WARN_UNREACHABLE_CODE = YES;
				CLANG_WARN__DUPLICATE_METHOD_MATCH = YES;
				COPY_PHASE_STRIP = NO;
				DEBUG_INFORMATION_FORMAT = dwarf;
				ENABLE_STRICT_OBJC_MSGSEND = YES;
				ENABLE_TESTABILITY = YES;
				GCC_C_LANGUAGE_STANDARD = gnu11;
				GCC_DYNAMIC_NO_PIC = NO;
				GCC_NO_COMMON_BLOCKS = YES;
				GCC_OPTIMIZATION_LEVEL = 0;
				GCC_PREPROCESSOR_DEFINITIONS = (
					"DEBUG=1",
					"$(inherited)",
				);
				GCC_WARN_64_TO_32_BIT_CONVERSION = YES;
				GCC_WARN_ABOUT_RETURN_TYPE = YES_ERROR;
				GCC_WARN_UNDECLARED_SELECTOR = YES;
				GCC_WARN_UNINITIALIZED_AUTOS = YES_AGGRESSIVE;
				GCC_WARN_UNUSED_FUNCTION = YES;
				GCC_WARN_UNUSED_VARIABLE = YES;
				IPHONEOS_DEPLOYMENT_TARGET = 15.5;
				MTL_ENABLE_DEBUG_INFO = INCLUDE_SOURCE;
				MTL_FAST_MATH = YES;
				ONLY_ACTIVE_ARCH = YES;
				SDKROOT = iphoneos;
				SWIFT_ACTIVE_COMPILATION_CONDITIONS = DEBUG;
				SWIFT_OPTIMIZATION_LEVEL = "-Onone";
			};
			name = Debug;
		};
		438E784B2865FF0B00149B41 /* Release */ = {
			isa = XCBuildConfiguration;
			buildSettings = {
				ALWAYS_SEARCH_USER_PATHS = NO;
				CLANG_ANALYZER_NONNULL = YES;
				CLANG_ANALYZER_NUMBER_OBJECT_CONVERSION = YES_AGGRESSIVE;
				CLANG_CXX_LANGUAGE_STANDARD = "gnu++17";
				CLANG_ENABLE_MODULES = YES;
				CLANG_ENABLE_OBJC_ARC = YES;
				CLANG_ENABLE_OBJC_WEAK = YES;
				CLANG_WARN_BLOCK_CAPTURE_AUTORELEASING = YES;
				CLANG_WARN_BOOL_CONVERSION = YES;
				CLANG_WARN_COMMA = YES;
				CLANG_WARN_CONSTANT_CONVERSION = YES;
				CLANG_WARN_DEPRECATED_OBJC_IMPLEMENTATIONS = YES;
				CLANG_WARN_DIRECT_OBJC_ISA_USAGE = YES_ERROR;
				CLANG_WARN_DOCUMENTATION_COMMENTS = YES;
				CLANG_WARN_EMPTY_BODY = YES;
				CLANG_WARN_ENUM_CONVERSION = YES;
				CLANG_WARN_INFINITE_RECURSION = YES;
				CLANG_WARN_INT_CONVERSION = YES;
				CLANG_WARN_NON_LITERAL_NULL_CONVERSION = YES;
				CLANG_WARN_OBJC_IMPLICIT_RETAIN_SELF = YES;
				CLANG_WARN_OBJC_LITERAL_CONVERSION = YES;
				CLANG_WARN_OBJC_ROOT_CLASS = YES_ERROR;
				CLANG_WARN_QUOTED_INCLUDE_IN_FRAMEWORK_HEADER = YES;
				CLANG_WARN_RANGE_LOOP_ANALYSIS = YES;
				CLANG_WARN_STRICT_PROTOTYPES = YES;
				CLANG_WARN_SUSPICIOUS_MOVE = YES;
				CLANG_WARN_UNGUARDED_AVAILABILITY = YES_AGGRESSIVE;
				CLANG_WARN_UNREACHABLE_CODE = YES;
				CLANG_WARN__DUPLICATE_METHOD_MATCH = YES;
				COPY_PHASE_STRIP = NO;
				DEBUG_INFORMATION_FORMAT = "dwarf-with-dsym";
				ENABLE_NS_ASSERTIONS = NO;
				ENABLE_STRICT_OBJC_MSGSEND = YES;
				GCC_C_LANGUAGE_STANDARD = gnu11;
				GCC_NO_COMMON_BLOCKS = YES;
				GCC_WARN_64_TO_32_BIT_CONVERSION = YES;
				GCC_WARN_ABOUT_RETURN_TYPE = YES_ERROR;
				GCC_WARN_UNDECLARED_SELECTOR = YES;
				GCC_WARN_UNINITIALIZED_AUTOS = YES_AGGRESSIVE;
				GCC_WARN_UNUSED_FUNCTION = YES;
				GCC_WARN_UNUSED_VARIABLE = YES;
				IPHONEOS_DEPLOYMENT_TARGET = 15.5;
				MTL_ENABLE_DEBUG_INFO = NO;
				MTL_FAST_MATH = YES;
				SDKROOT = iphoneos;
				SWIFT_COMPILATION_MODE = wholemodule;
				SWIFT_OPTIMIZATION_LEVEL = "-O";
				VALIDATE_PRODUCT = YES;
			};
			name = Release;
		};
		438E784D2865FF0B00149B41 /* Debug */ = {
			isa = XCBuildConfiguration;
			baseConfigurationReference = D8EA6464F3B61F3BD92ADDC3 /* Pods-Musify.debug.xcconfig */;
			buildSettings = {
				ASSETCATALOG_COMPILER_APPICON_NAME = AppIcon;
				ASSETCATALOG_COMPILER_GLOBAL_ACCENT_COLOR_NAME = AccentColor;
				CODE_SIGN_STYLE = Automatic;
				CURRENT_PROJECT_VERSION = 1;
				DEVELOPMENT_TEAM = 5LCN75KXW4;
				GENERATE_INFOPLIST_FILE = YES;
				INFOPLIST_FILE = Musify/Info.plist;
				INFOPLIST_KEY_UIApplicationSupportsIndirectInputEvents = YES;
				INFOPLIST_KEY_UILaunchStoryboardName = LaunchScreen;
				INFOPLIST_KEY_UIMainStoryboardFile = Main;
				INFOPLIST_KEY_UISupportedInterfaceOrientations_iPad = "UIInterfaceOrientationPortrait UIInterfaceOrientationPortraitUpsideDown UIInterfaceOrientationLandscapeLeft UIInterfaceOrientationLandscapeRight";
				INFOPLIST_KEY_UISupportedInterfaceOrientations_iPhone = "UIInterfaceOrientationPortrait UIInterfaceOrientationLandscapeLeft UIInterfaceOrientationLandscapeRight";
				LD_RUNPATH_SEARCH_PATHS = (
					"$(inherited)",
					"@executable_path/Frameworks",
				);
				MARKETING_VERSION = 1.0;
				PRODUCT_BUNDLE_IDENTIFIER = il.co.noamkurtzer.Musify;
				PRODUCT_NAME = "$(TARGET_NAME)";
				SWIFT_EMIT_LOC_STRINGS = YES;
				SWIFT_VERSION = 5.0;
				TARGETED_DEVICE_FAMILY = "1,2";
			};
			name = Debug;
		};
		438E784E2865FF0B00149B41 /* Release */ = {
			isa = XCBuildConfiguration;
			baseConfigurationReference = 3A25E8298480862AEF81E5F1 /* Pods-Musify.release.xcconfig */;
			buildSettings = {
				ASSETCATALOG_COMPILER_APPICON_NAME = AppIcon;
				ASSETCATALOG_COMPILER_GLOBAL_ACCENT_COLOR_NAME = AccentColor;
				CODE_SIGN_STYLE = Automatic;
				CURRENT_PROJECT_VERSION = 1;
				DEVELOPMENT_TEAM = 5LCN75KXW4;
				GENERATE_INFOPLIST_FILE = YES;
				INFOPLIST_FILE = Musify/Info.plist;
				INFOPLIST_KEY_UIApplicationSupportsIndirectInputEvents = YES;
				INFOPLIST_KEY_UILaunchStoryboardName = LaunchScreen;
				INFOPLIST_KEY_UIMainStoryboardFile = Main;
				INFOPLIST_KEY_UISupportedInterfaceOrientations_iPad = "UIInterfaceOrientationPortrait UIInterfaceOrientationPortraitUpsideDown UIInterfaceOrientationLandscapeLeft UIInterfaceOrientationLandscapeRight";
				INFOPLIST_KEY_UISupportedInterfaceOrientations_iPhone = "UIInterfaceOrientationPortrait UIInterfaceOrientationLandscapeLeft UIInterfaceOrientationLandscapeRight";
				LD_RUNPATH_SEARCH_PATHS = (
					"$(inherited)",
					"@executable_path/Frameworks",
				);
				MARKETING_VERSION = 1.0;
				PRODUCT_BUNDLE_IDENTIFIER = il.co.noamkurtzer.Musify;
				PRODUCT_NAME = "$(TARGET_NAME)";
				SWIFT_EMIT_LOC_STRINGS = YES;
				SWIFT_VERSION = 5.0;
				TARGETED_DEVICE_FAMILY = "1,2";
			};
			name = Release;
		};
/* End XCBuildConfiguration section */

/* Begin XCConfigurationList section */
		438E78332865FF0900149B41 /* Build configuration list for PBXProject "Musify" */ = {
			isa = XCConfigurationList;
			buildConfigurations = (
				438E784A2865FF0B00149B41 /* Debug */,
				438E784B2865FF0B00149B41 /* Release */,
			);
			defaultConfigurationIsVisible = 0;
			defaultConfigurationName = Release;
		};
		438E784C2865FF0B00149B41 /* Build configuration list for PBXNativeTarget "Musify" */ = {
			isa = XCConfigurationList;
			buildConfigurations = (
				438E784D2865FF0B00149B41 /* Debug */,
				438E784E2865FF0B00149B41 /* Release */,
			);
			defaultConfigurationIsVisible = 0;
			defaultConfigurationName = Release;
		};
/* End XCConfigurationList section */
	};
	rootObject = 438E78302865FF0900149B41 /* Project object */;
}
